
Microsoft Visual Studio Solution File, Format Version 12.00
# Visual Studio 14
VisualStudioVersion = 14.0.23107.0
MinimumVisualStudioVersion = 10.0.40219.1
Project("{FAE04EC0-301F-11D3-BF4B-00C04F79EFBC}") = "Problem1", "Problem1\Problem1.csproj", "{5F2CF29C-951F-4C55-8415-F5309D2F0240}"
EndProject
Project("{FAE04EC0-301F-11D3-BF4B-00C04F79EFBC}") = "Problem2", "Problem2\Problem2.csproj", "{A27C5CE5-B053-4BB2-BEDA-320373664B22}"
EndProject
Project("{FAE04EC0-301F-11D3-BF4B-00C04F79EFBC}") = "Problem3", "Problem3\Problem3.csproj", "{8BCEC235-909B-4ECE-89FC-DCCDD8E01C8B}"
EndProject
Project("{FAE04EC0-301F-11D3-BF4B-00C04F79EFBC}") = "Problem4", "Problem4\Problem4.csproj", "{8DDDB3E2-A74C-4DCE-B566-BF14FFF440B7}"
EndProject
Project("{FAE04EC0-301F-11D3-BF4B-00C04F79EFBC}") = "Problem5", "Problem5\Problem5.csproj", "{E041104A-5490-40F8-8F8F-B24B19035D0A}"
EndProject
Project("{FAE04EC0-301F-11D3-BF4B-00C04F79EFBC}") = "Problem6", "Problem6\Problem6.csproj", "{4639FBF7-708F-4185-88FE-CD94BCBDD6E0}"
EndProject
Project("{FAE04EC0-301F-11D3-BF4B-00C04F79EFBC}") = "Problem7", "Problem7\Problem7.csproj", "{F28FE8F2-3AD6-4302-B3C3-03969EA6C714}"
EndProject
Project("{FAE04EC0-301F-11D3-BF4B-00C04F79EFBC}") = "Problem8", "Problem8\Problem8.csproj", "{2D1E2428-DDD5-4F03-8EE7-FAD43DE17DBC}"
EndProject
Project("{FAE04EC0-301F-11D3-BF4B-00C04F79EFBC}") = "Problem9", "Problem9\Problem9.csproj", "{62472E48-7E38-4879-92AB-86ED2F4A6F78}"
EndProject
Project("{FAE04EC0-301F-11D3-BF4B-00C04F79EFBC}") = "Problem10", "Problem10\Problem10.csproj", "{F6509FEB-57D8-4EC6-AA7C-49E0D0B73C3B}"
EndProject
Project("{FAE04EC0-301F-11D3-BF4B-00C04F79EFBC}") = "Problem11", "Problem11\Problem11.csproj", "{D00710D8-871E-4E3E-B3E4-AFAA5955D511}"
EndProject
Project("{FAE04EC0-301F-11D3-BF4B-00C04F79EFBC}") = "Problem19", "Problem19\Problem19.csproj", "{EFEBF1AA-C332-4DEC-86A7-7190C3DA198D}"
EndProject
Project("{FAE04EC0-301F-11D3-BF4B-00C04F79EFBC}") = "Problem21", "Problem20\Problem21.csproj", "{162D2809-29E3-4272-B47D-1C40D90EE5DA}"
EndProject
Project("{FAE04EC0-301F-11D3-BF4B-00C04F79EFBC}") = "Problem22", "Problem22\Problem22.csproj", "{0C1A4A5D-F857-4F1A-8099-219BE58D4D3B}"
EndProject
Project("{FAE04EC0-301F-11D3-BF4B-00C04F79EFBC}") = "Problem24", "Problem24\Problem24.csproj", "{1A2D6847-C3A3-49E4-8F42-FE6E7992C6BE}"
EndProject
Project("{FAE04EC0-301F-11D3-BF4B-00C04F79EFBC}") = "Problem26", "Problem26\Problem26.csproj", "{45B767BB-0988-4888-85EF-C18734490BCB}"
EndProject
Project("{FAE04EC0-301F-11D3-BF4B-00C04F79EFBC}") = "Problem29", "Problem29\Problem29.csproj", "{90980B4F-EEC9-4FF5-87FF-31AE06B0B8F6}"
EndProject
Project("{FAE04EC0-301F-11D3-BF4B-00C04F79EFBC}") = "Problem23", "Problem23\Problem23.csproj", "{A379CDD0-B0EF-41E8-B072-9E663D3A9906}"
EndProject
Project("{FAE04EC0-301F-11D3-BF4B-00C04F79EFBC}") = "Problem30", "Problem30\Problem30.csproj", "{20FAAADC-B98F-42B3-914E-831E73DD84C2}"
EndProject
Global
	GlobalSection(SolutionConfigurationPlatforms) = preSolution
		Debug|Any CPU = Debug|Any CPU
		Release|Any CPU = Release|Any CPU
	EndGlobalSection
	GlobalSection(ProjectConfigurationPlatforms) = postSolution
		{5F2CF29C-951F-4C55-8415-F5309D2F0240}.Debug|Any CPU.ActiveCfg = Debug|Any CPU
		{5F2CF29C-951F-4C55-8415-F5309D2F0240}.Debug|Any CPU.Build.0 = Debug|Any CPU
		{5F2CF29C-951F-4C55-8415-F5309D2F0240}.Release|Any CPU.ActiveCfg = Release|Any CPU
		{5F2CF29C-951F-4C55-8415-F5309D2F0240}.Release|Any CPU.Build.0 = Release|Any CPU
		{A27C5CE5-B053-4BB2-BEDA-320373664B22}.Debug|Any CPU.ActiveCfg = Debug|Any CPU
		{A27C5CE5-B053-4BB2-BEDA-320373664B22}.Debug|Any CPU.Build.0 = Debug|Any CPU
		{A27C5CE5-B053-4BB2-BEDA-320373664B22}.Release|Any CPU.ActiveCfg = Release|Any CPU
		{A27C5CE5-B053-4BB2-BEDA-320373664B22}.Release|Any CPU.Build.0 = Release|Any CPU
		{8BCEC235-909B-4ECE-89FC-DCCDD8E01C8B}.Debug|Any CPU.ActiveCfg = Debug|Any CPU
		{8BCEC235-909B-4ECE-89FC-DCCDD8E01C8B}.Debug|Any CPU.Build.0 = Debug|Any CPU
		{8BCEC235-909B-4ECE-89FC-DCCDD8E01C8B}.Release|Any CPU.ActiveCfg = Release|Any CPU
		{8BCEC235-909B-4ECE-89FC-DCCDD8E01C8B}.Release|Any CPU.Build.0 = Release|Any CPU
		{8DDDB3E2-A74C-4DCE-B566-BF14FFF440B7}.Debug|Any CPU.ActiveCfg = Debug|Any CPU
		{8DDDB3E2-A74C-4DCE-B566-BF14FFF440B7}.Debug|Any CPU.Build.0 = Debug|Any CPU
		{8DDDB3E2-A74C-4DCE-B566-BF14FFF440B7}.Release|Any CPU.ActiveCfg = Release|Any CPU
		{8DDDB3E2-A74C-4DCE-B566-BF14FFF440B7}.Release|Any CPU.Build.0 = Release|Any CPU
		{E041104A-5490-40F8-8F8F-B24B19035D0A}.Debug|Any CPU.ActiveCfg = Debug|Any CPU
		{E041104A-5490-40F8-8F8F-B24B19035D0A}.Debug|Any CPU.Build.0 = Debug|Any CPU
		{E041104A-5490-40F8-8F8F-B24B19035D0A}.Release|Any CPU.ActiveCfg = Release|Any CPU
		{E041104A-5490-40F8-8F8F-B24B19035D0A}.Release|Any CPU.Build.0 = Release|Any CPU
		{4639FBF7-708F-4185-88FE-CD94BCBDD6E0}.Debug|Any CPU.ActiveCfg = Debug|Any CPU
		{4639FBF7-708F-4185-88FE-CD94BCBDD6E0}.Debug|Any CPU.Build.0 = Debug|Any CPU
		{4639FBF7-708F-4185-88FE-CD94BCBDD6E0}.Release|Any CPU.ActiveCfg = Release|Any CPU
		{4639FBF7-708F-4185-88FE-CD94BCBDD6E0}.Release|Any CPU.Build.0 = Release|Any CPU
		{F28FE8F2-3AD6-4302-B3C3-03969EA6C714}.Debug|Any CPU.ActiveCfg = Debug|Any CPU
		{F28FE8F2-3AD6-4302-B3C3-03969EA6C714}.Debug|Any CPU.Build.0 = Debug|Any CPU
		{F28FE8F2-3AD6-4302-B3C3-03969EA6C714}.Release|Any CPU.ActiveCfg = Release|Any CPU
		{F28FE8F2-3AD6-4302-B3C3-03969EA6C714}.Release|Any CPU.Build.0 = Release|Any CPU
		{2D1E2428-DDD5-4F03-8EE7-FAD43DE17DBC}.Debug|Any CPU.ActiveCfg = Debug|Any CPU
		{2D1E2428-DDD5-4F03-8EE7-FAD43DE17DBC}.Debug|Any CPU.Build.0 = Debug|Any CPU
		{2D1E2428-DDD5-4F03-8EE7-FAD43DE17DBC}.Release|Any CPU.ActiveCfg = Release|Any CPU
		{2D1E2428-DDD5-4F03-8EE7-FAD43DE17DBC}.Release|Any CPU.Build.0 = Release|Any CPU
		{62472E48-7E38-4879-92AB-86ED2F4A6F78}.Debug|Any CPU.ActiveCfg = Debug|Any CPU
		{62472E48-7E38-4879-92AB-86ED2F4A6F78}.Debug|Any CPU.Build.0 = Debug|Any CPU
		{62472E48-7E38-4879-92AB-86ED2F4A6F78}.Release|Any CPU.ActiveCfg = Release|Any CPU
		{62472E48-7E38-4879-92AB-86ED2F4A6F78}.Release|Any CPU.Build.0 = Release|Any CPU
		{F6509FEB-57D8-4EC6-AA7C-49E0D0B73C3B}.Debug|Any CPU.ActiveCfg = Debug|Any CPU
		{F6509FEB-57D8-4EC6-AA7C-49E0D0B73C3B}.Debug|Any CPU.Build.0 = Debug|Any CPU
		{F6509FEB-57D8-4EC6-AA7C-49E0D0B73C3B}.Release|Any CPU.ActiveCfg = Release|Any CPU
		{F6509FEB-57D8-4EC6-AA7C-49E0D0B73C3B}.Release|Any CPU.Build.0 = Release|Any CPU
		{D00710D8-871E-4E3E-B3E4-AFAA5955D511}.Debug|Any CPU.ActiveCfg = Debug|Any CPU
		{D00710D8-871E-4E3E-B3E4-AFAA5955D511}.Debug|Any CPU.Build.0 = Debug|Any CPU
		{D00710D8-871E-4E3E-B3E4-AFAA5955D511}.Release|Any CPU.ActiveCfg = Release|Any CPU
		{D00710D8-871E-4E3E-B3E4-AFAA5955D511}.Release|Any CPU.Build.0 = Release|Any CPU
		{EFEBF1AA-C332-4DEC-86A7-7190C3DA198D}.Debug|Any CPU.ActiveCfg = Debug|Any CPU
		{EFEBF1AA-C332-4DEC-86A7-7190C3DA198D}.Debug|Any CPU.Build.0 = Debug|Any CPU
		{EFEBF1AA-C332-4DEC-86A7-7190C3DA198D}.Release|Any CPU.ActiveCfg = Release|Any CPU
		{EFEBF1AA-C332-4DEC-86A7-7190C3DA198D}.Release|Any CPU.Build.0 = Release|Any CPU
		{162D2809-29E3-4272-B47D-1C40D90EE5DA}.Debug|Any CPU.ActiveCfg = Debug|Any CPU
		{162D2809-29E3-4272-B47D-1C40D90EE5DA}.Debug|Any CPU.Build.0 = Debug|Any CPU
		{162D2809-29E3-4272-B47D-1C40D90EE5DA}.Release|Any CPU.ActiveCfg = Release|Any CPU
		{162D2809-29E3-4272-B47D-1C40D90EE5DA}.Release|Any CPU.Build.0 = Release|Any CPU
		{0C1A4A5D-F857-4F1A-8099-219BE58D4D3B}.Debug|Any CPU.ActiveCfg = Debug|Any CPU
		{0C1A4A5D-F857-4F1A-8099-219BE58D4D3B}.Debug|Any CPU.Build.0 = Debug|Any CPU
		{0C1A4A5D-F857-4F1A-8099-219BE58D4D3B}.Release|Any CPU.ActiveCfg = Release|Any CPU
		{0C1A4A5D-F857-4F1A-8099-219BE58D4D3B}.Release|Any CPU.Build.0 = Release|Any CPU
		{1A2D6847-C3A3-49E4-8F42-FE6E7992C6BE}.Debug|Any CPU.ActiveCfg = Debug|Any CPU
		{1A2D6847-C3A3-49E4-8F42-FE6E7992C6BE}.Debug|Any CPU.Build.0 = Debug|Any CPU
		{1A2D6847-C3A3-49E4-8F42-FE6E7992C6BE}.Release|Any CPU.ActiveCfg = Release|Any CPU
		{1A2D6847-C3A3-49E4-8F42-FE6E7992C6BE}.Release|Any CPU.Build.0 = Release|Any CPU
		{45B767BB-0988-4888-85EF-C18734490BCB}.Debug|Any CPU.ActiveCfg = Debug|Any CPU
		{45B767BB-0988-4888-85EF-C18734490BCB}.Debug|Any CPU.Build.0 = Debug|Any CPU
		{45B767BB-0988-4888-85EF-C18734490BCB}.Release|Any CPU.ActiveCfg = Release|Any CPU
		{45B767BB-0988-4888-85EF-C18734490BCB}.Release|Any CPU.Build.0 = Release|Any CPU
		{90980B4F-EEC9-4FF5-87FF-31AE06B0B8F6}.Debug|Any CPU.ActiveCfg = Debug|Any CPU
		{90980B4F-EEC9-4FF5-87FF-31AE06B0B8F6}.Debug|Any CPU.Build.0 = Debug|Any CPU
		{90980B4F-EEC9-4FF5-87FF-31AE06B0B8F6}.Release|Any CPU.ActiveCfg = Release|Any CPU
		{90980B4F-EEC9-4FF5-87FF-31AE06B0B8F6}.Release|Any CPU.Build.0 = Release|Any CPU
		{A379CDD0-B0EF-41E8-B072-9E663D3A9906}.Debug|Any CPU.ActiveCfg = Debug|Any CPU
		{A379CDD0-B0EF-41E8-B072-9E663D3A9906}.Debug|Any CPU.Build.0 = Debug|Any CPU
		{A379CDD0-B0EF-41E8-B072-9E663D3A9906}.Release|Any CPU.ActiveCfg = Release|Any CPU
		{A379CDD0-B0EF-41E8-B072-9E663D3A9906}.Release|Any CPU.Build.0 = Release|Any CPU
		{20FAAADC-B98F-42B3-914E-831E73DD84C2}.Debug|Any CPU.ActiveCfg = Debug|Any CPU
		{20FAAADC-B98F-42B3-914E-831E73DD84C2}.Debug|Any CPU.Build.0 = Debug|Any CPU
		{20FAAADC-B98F-42B3-914E-831E73DD84C2}.Release|Any CPU.ActiveCfg = Release|Any CPU
		{20FAAADC-B98F-42B3-914E-831E73DD84C2}.Release|Any CPU.Build.0 = Release|Any CPU
	EndGlobalSection
	GlobalSection(SolutionProperties) = preSolution
		HideSolutionNode = FALSE
	EndGlobalSection
EndGlobal
